
Microsoft Visual Studio Solution File, Format Version 12.00
# Visual Studio Version 17
VisualStudioVersion = 17.6.33829.357
MinimumVisualStudioVersion = 10.0.40219.1
Project("{9A19103F-16F7-4668-BE54-9A1E7A4F7556}") = "HelloWorld", "HelloWorld\HelloWorld.csproj", "{0BFECB8F-A596-4BF5-8946-DFFDEFF47E33}"
EndProject
Project("{9A19103F-16F7-4668-BE54-9A1E7A4F7556}") = "HelloWorldTest", "HelloWorldTest\HelloWorldTest.csproj", "{176DE1FB-1935-4C94-8D44-62B76F177A20}"
EndProject
Project("{9A19103F-16F7-4668-BE54-9A1E7A4F7556}") = "Calculator", "Calculator\Calculator.csproj", "{9611C549-1040-476D-BB81-E3B3501602A7}"
EndProject
Project("{9A19103F-16F7-4668-BE54-9A1E7A4F7556}") = "CalculatorTest", "CalculatorTest\CalculatorTest.csproj", "{A885E979-28CF-43AC-81F2-01642F12F806}"
EndProject
Project("{9A19103F-16F7-4668-BE54-9A1E7A4F7556}") = "HeartRate", "HeartRateProject\HeartRate.csproj", "{7A0EB09F-66E2-470D-BED5-BBFD816F0FE7}"
EndProject
Project("{9A19103F-16F7-4668-BE54-9A1E7A4F7556}") = "HeartRateTest", "HeartRateTest\HeartRateTest.csproj", "{371A3BAE-B1A4-421C-A45E-79599BB3B20E}"
EndProject
Project("{FAE04EC0-301F-11D3-BF4B-00C04F79EFBC}") = "BMI", "BMI\BMI.csproj", "{29545320-9C98-4552-AC14-6F4AF94E2419}"
EndProject
Global
	GlobalSection(SolutionConfigurationPlatforms) = preSolution
		Debug|Any CPU = Debug|Any CPU
		Release|Any CPU = Release|Any CPU
	EndGlobalSection
	GlobalSection(ProjectConfigurationPlatforms) = postSolution
		{0BFECB8F-A596-4BF5-8946-DFFDEFF47E33}.Debug|Any CPU.ActiveCfg = Debug|Any CPU
		{0BFECB8F-A596-4BF5-8946-DFFDEFF47E33}.Debug|Any CPU.Build.0 = Debug|Any CPU
		{0BFECB8F-A596-4BF5-8946-DFFDEFF47E33}.Release|Any CPU.ActiveCfg = Release|Any CPU
		{0BFECB8F-A596-4BF5-8946-DFFDEFF47E33}.Release|Any CPU.Build.0 = Release|Any CPU
		{176DE1FB-1935-4C94-8D44-62B76F177A20}.Debug|Any CPU.ActiveCfg = Debug|Any CPU
		{176DE1FB-1935-4C94-8D44-62B76F177A20}.Debug|Any CPU.Build.0 = Debug|Any CPU
		{176DE1FB-1935-4C94-8D44-62B76F177A20}.Release|Any CPU.ActiveCfg = Release|Any CPU
		{176DE1FB-1935-4C94-8D44-62B76F177A20}.Release|Any CPU.Build.0 = Release|Any CPU
		{9611C549-1040-476D-BB81-E3B3501602A7}.Debug|Any CPU.ActiveCfg = Debug|Any CPU
		{9611C549-1040-476D-BB81-E3B3501602A7}.Debug|Any CPU.Build.0 = Debug|Any CPU
		{9611C549-1040-476D-BB81-E3B3501602A7}.Release|Any CPU.ActiveCfg = Release|Any CPU
		{9611C549-1040-476D-BB81-E3B3501602A7}.Release|Any CPU.Build.0 = Release|Any CPU
		{A885E979-28CF-43AC-81F2-01642F12F806}.Debug|Any CPU.ActiveCfg = Debug|Any CPU
		{A885E979-28CF-43AC-81F2-01642F12F806}.Debug|Any CPU.Build.0 = Debug|Any CPU
		{A885E979-28CF-43AC-81F2-01642F12F806}.Release|Any CPU.ActiveCfg = Release|Any CPU
		{A885E979-28CF-43AC-81F2-01642F12F806}.Release|Any CPU.Build.0 = Release|Any CPU
		{7A0EB09F-66E2-470D-BED5-BBFD816F0FE7}.Debug|Any CPU.ActiveCfg = Debug|Any CPU
		{7A0EB09F-66E2-470D-BED5-BBFD816F0FE7}.Debug|Any CPU.Build.0 = Debug|Any CPU
		{7A0EB09F-66E2-470D-BED5-BBFD816F0FE7}.Release|Any CPU.ActiveCfg = Release|Any CPU
		{7A0EB09F-66E2-470D-BED5-BBFD816F0FE7}.Release|Any CPU.Build.0 = Release|Any CPU
		{371A3BAE-B1A4-421C-A45E-79599BB3B20E}.Debug|Any CPU.ActiveCfg = Debug|Any CPU
		{371A3BAE-B1A4-421C-A45E-79599BB3B20E}.Debug|Any CPU.Build.0 = Debug|Any CPU
		{371A3BAE-B1A4-421C-A45E-79599BB3B20E}.Release|Any CPU.ActiveCfg = Release|Any CPU
		{371A3BAE-B1A4-421C-A45E-79599BB3B20E}.Release|Any CPU.Build.0 = Release|Any CPU
		{29545320-9C98-4552-AC14-6F4AF94E2419}.Debug|Any CPU.ActiveCfg = Debug|Any CPU
		{29545320-9C98-4552-AC14-6F4AF94E2419}.Debug|Any CPU.Build.0 = Debug|Any CPU
		{29545320-9C98-4552-AC14-6F4AF94E2419}.Release|Any CPU.ActiveCfg = Release|Any CPU
		{29545320-9C98-4552-AC14-6F4AF94E2419}.Release|Any CPU.Build.0 = Release|Any CPU
	EndGlobalSection
	GlobalSection(SolutionProperties) = preSolution
		HideSolutionNode = FALSE
	EndGlobalSection
	GlobalSection(ExtensibilityGlobals) = postSolution
		SolutionGuid = {884E07DA-B389-42C3-A2D0-52C19E3C3EB2}
	EndGlobalSection
EndGlobal
